<?xml version="1.0" encoding="utf-8"?>
<Project ToolsVersion="4.0" xmlns="http://schemas.microsoft.com/developer/msbuild/2003">
  <ItemGroup>
    <ClCompile Include="StdAfx.cpp">
      <Filter>Src</Filter>
    </ClCompile>
    <ClCompile Include="main.cpp">
      <Filter>Src</Filter>
    </ClCompile>
    <ClCompile Include="UI\WindowDlg.cpp">
      <Filter>UI</Filter>
    </ClCompile>
    <ClCompile Include="UI\KitchenDlg.cpp">
      <Filter>UI</Filter>
    </ClCompile>
    <ClCompile Include="UI\BathroomDlg.cpp">
      <Filter>UI</Filter>
    </ClCompile>
    <ClCompile Include="UI\RailingDlg.cpp">
      <Filter>UI</Filter>
    </ClCompile>
    <ClCompile Include="UI\GridCtrl_src\GridCell.cpp">
      <Filter>UI\GridCtrl</Filter>
    </ClCompile>
    <ClCompile Include="UI\GridCtrl_src\GridCellBase.cpp">
      <Filter>UI\GridCtrl</Filter>
    </ClCompile>
    <ClCompile Include="UI\GridCtrl_src\GridCtrl.cpp">
      <Filter>UI\GridCtrl</Filter>
    </ClCompile>
    <ClCompile Include="UI\GridCtrl_src\GridDropTarget.cpp">
      <Filter>UI\GridCtrl</Filter>
    </ClCompile>
    <ClCompile Include="UI\GridCtrl_src\InPlaceEdit.cpp">
      <Filter>UI\GridCtrl</Filter>
    </ClCompile>
    <ClCompile Include="UI\GridCtrl_src\TitleTip.cpp">
      <Filter>UI\GridCtrl</Filter>
    </ClCompile>
    <ClCompile Include="UI\GridCtrl_src\NewCellTypes\GridCellCheck.cpp">
      <Filter>UI\GridCtrl\NewCellTypes</Filter>
    </ClCompile>
    <ClCompile Include="UI\GridCtrl_src\NewCellTypes\GridCellCombo.cpp">
      <Filter>UI\GridCtrl\NewCellTypes</Filter>
    </ClCompile>
    <ClCompile Include="UI\GridCtrl_src\NewCellTypes\GridCellDateTime.cpp">
      <Filter>UI\GridCtrl\NewCellTypes</Filter>
    </ClCompile>
    <ClCompile Include="UI\GridCtrl_src\NewCellTypes\GridCellNumeric.cpp">
      <Filter>UI\GridCtrl\NewCellTypes</Filter>
    </ClCompile>
    <ClCompile Include="UI\GridCtrl_src\NewCellTypes\GridURLCell.cpp">
      <Filter>UI\GridCtrl\NewCellTypes</Filter>
    </ClCompile>
    <ClCompile Include="UI\AirconditionerDlg.cpp">
      <Filter>UI</Filter>
    </ClCompile>
    <ClCompile Include="Object\RCBlock.cpp">
      <Filter>Object</Filter>
    </ClCompile>
    <ClCompile Include="Object\RCObject.cpp">
      <Filter>Object</Filter>
    </ClCompile>
    <ClCompile Include="Object\RCStandBlock.cpp">
      <Filter>Object</Filter>
    </ClCompile>
    <ClCompile Include="Tool\Excel\CExcel.cpp">
      <Filter>Tool\Excel</Filter>
    </ClCompile>
    <ClCompile Include="Tool\Excel\Excel.cpp">
      <Filter>Tool\Excel</Filter>
    </ClCompile>
    <ClCompile Include="Common\AcessDatabase.cpp">
      <Filter>Common</Filter>
    </ClCompile>
    <ClCompile Include="Common\ComFun_ACad.cpp">
      <Filter>Common</Filter>
    </ClCompile>
    <ClCompile Include="Common\ComFun_ACAD_Common.cpp">
      <Filter>Common</Filter>
    </ClCompile>
    <ClCompile Include="Common\ComFun_ACAD_Geometry.cpp">
      <Filter>Common</Filter>
    </ClCompile>
    <ClCompile Include="Common\ComFun_Convert.cpp">
      <Filter>Common</Filter>
    </ClCompile>
    <ClCompile Include="Common\ComFun_Interactive.cpp">
      <Filter>Common</Filter>
    </ClCompile>
    <ClCompile Include="Common\ComFun_Layer.cpp">
      <Filter>Common</Filter>
    </ClCompile>
    <ClCompile Include="Common\ComFun_Math.cpp">
      <Filter>Common</Filter>
    </ClCompile>
    <ClCompile Include="Common\ComFun_Str.cpp">
      <Filter>Common</Filter>
    </ClCompile>
    <ClCompile Include="Common\ComFun_String.cpp">
      <Filter>Common</Filter>
    </ClCompile>
    <ClCompile Include="Common\TYRect.cpp">
      <Filter>Common</Filter>
    </ClCompile>
    <ClCompile Include="Object\RCDynamicBlock.cpp">
      <Filter>Object</Filter>
    </ClCompile>
    <ClCompile Include="Object\RCWaterProof.cpp">
      <Filter>Object</Filter>
    </ClCompile>
    <ClCompile Include="Object\RCStdFacade.cpp">
      <Filter>Object</Filter>
    </ClCompile>
    <ClCompile Include="Object\RCStdFill.cpp">
      <Filter>Object</Filter>
    </ClCompile>
    <ClCompile Include="Object\RCXianJiao.cpp">
      <Filter>Object</Filter>
    </ClCompile>
    <ClCompile Include="Common\ComFun_DynamicBlock.cpp">
      <Filter>Common</Filter>
    </ClCompile>
    <ClCompile Include="UI\MyPalette.cpp">
      <Filter>UI</Filter>
    </ClCompile>
    <ClCompile Include="UI\MyPaletteSet.cpp">
      <Filter>UI</Filter>
    </ClCompile>
    <ClCompile Include="UI\DlgLeftBar.cpp">
      <Filter>UI</Filter>
    </ClCompile>
    <ClCompile Include="UI\DlgLogin.cpp">
      <Filter>UI</Filter>
    </ClCompile>
    <ClCompile Include="Object\AttrObject.cpp">
      <Filter>Object</Filter>
    </ClCompile>
    <ClCompile Include="Command\Command.cpp">
      <Filter>Command</Filter>
    </ClCompile>
    <ClCompile Include="GlobalSetting.cpp">
      <Filter>Src</Filter>
    </ClCompile>
    <ClCompile Include="Tool\Regedit.cpp">
      <Filter>Tool</Filter>
    </ClCompile>
    <ClCompile Include="Command\CommandWindowTable.cpp">
      <Filter>Command</Filter>
    </ClCompile>
    <ClCompile Include="Command\CommandWindowDetail.cpp">
      <Filter>Command</Filter>
    </ClCompile>
    <ClCompile Include="UI\TreeCtrlEx.cpp">
      <Filter>UI</Filter>
    </ClCompile>
    <ClCompile Include="WebIO\WebIO.cpp">
      <Filter>WebIO</Filter>
    </ClCompile>
    <ClCompile Include="UI\GsPreviewCtrl.cpp">
      <Filter>UI\PreviewCtrl</Filter>
    </ClCompile>
    <ClCompile Include="UI\GridCtrlWithPreview.cpp">
      <Filter>UI\PreviewCtrl</Filter>
    </ClCompile>
    <ClCompile Include="UI\GridCellForPreview.cpp">
      <Filter>UI\PreviewCtrl</Filter>
    </ClCompile>
    <ClCompile Include="UI\PreviewWithDetail.cpp">
      <Filter>UI\PreviewCtrl</Filter>
    </ClCompile>
    <ClCompile Include="UI\GridCtrlEx.cpp">
      <Filter>UI\GridCtrl</Filter>
    </ClCompile>
    <ClCompile Include="UI\ComFun_MFC.cpp">
      <Filter>UI</Filter>
    </ClCompile>
    <ClCompile Include="WebIO\SunacCadWeb\stdsoap2.cpp">
      <Filter>WebIO\SunacCadWeb</Filter>
    </ClCompile>
    <ClCompile Include="Tool\MarkupXml\Markup.cpp">
      <Filter>Tool\MarkupXml</Filter>
    </ClCompile>
    <ClCompile Include="WebIO\SunacCadWeb\soapC.cpp">
      <Filter>WebIO\SunacCadWeb</Filter>
    </ClCompile>
    <ClCompile Include="WebIO\SunacCadWeb\soapArgumentSettingServiceSoapProxy.cpp">
      <Filter>WebIO\SunacCadWeb</Filter>
    </ClCompile>
    <ClCompile Include="WebIO\ConfigDictionary.cpp">
      <Filter>WebIO</Filter>
    </ClCompile>
    <ClCompile Include="Tool\MarkupXml\Markup.cpp" />
    <ClCompile Include="UI\ComFun_MFC.cpp" />
    <ClCompile Include="WebIO\ConfigDictionary.cpp" />
    <ClCompile Include="WebIO\SunacCadWeb\soapArgumentSettingServiceSoapProxy.cpp" />
    <ClCompile Include="WebIO\SunacCadWeb\soapC.cpp" />
    <ClCompile Include="WebIO\SunacCadWeb\stdsoap2.cpp" />
    <ClCompile Include="Object\Kitchen\KitchenGen.cpp">
      <Filter>Object\Kitchen</Filter>
    </ClCompile>
    <ClCompile Include="Object\Kitchen\AttrKitchen.cpp">
      <Filter>Object\Kitchen</Filter>
    </ClCompile>
    <ClCompile Include="Object\Kitchen\RCKitchen.cpp">
      <Filter>Object\Kitchen</Filter>
    </ClCompile>
    <ClCompile Include="WebIO\WindowWebData.cpp">
      <Filter>WebIO</Filter>
    </ClCompile>
    <ClCompile Include="WebIO\WindowLocalData.cpp">
      <Filter>WebIO</Filter>
    </ClCompile>
    <ClCompile Include="WebIO\AirConditionLocalData.cpp">
      <Filter>WebIO</Filter>
    </ClCompile>
    <ClCompile Include="Object\Railing\AttrRailing.cpp">
      <Filter>Object\Railing</Filter>
    </ClCompile>
    <ClCompile Include="Object\Railing\RCRailing.cpp">
      <Filter>Object\Railing</Filter>
    </ClCompile>
    <ClCompile Include="Object\AirCondition\AttrAirCon.cpp">
      <Filter>Object\AirCondition</Filter>
    </ClCompile>
    <ClCompile Include="Object\AirCondition\RCAirCondition.cpp">
      <Filter>Object\AirCondition</Filter>
    </ClCompile>
    <ClCompile Include="Object\WindowDoor\AttrWindow.cpp">
      <Filter>Object\WindowDoor</Filter>
    </ClCompile>
    <ClCompile Include="Object\WindowDoor\RCWindow.cpp">
      <Filter>Object\WindowDoor</Filter>
    </ClCompile>
    <ClCompile Include="Object\Bathroom\RCBathroom.cpp">
      <Filter>Object\Bathroom</Filter>
    </ClCompile>
    <ClCompile Include="Object\Bathroom\AttrBathroom.cpp">
      <Filter>Object\Bathroom</Filter>
    </ClCompile>
    <ClCompile Include="Tool\DoubleClickBlockReference.cpp">
      <Filter>Tool</Filter>
    </ClCompile>
    <ClCompile Include="Object\Bathroom\BathroomGen.cpp">
      <Filter>Object\Bathroom</Filter>
    </ClCompile>
    <ClCompile Include="Object\Railing\RCRailingTieyi.cpp">
      <Filter>Object\Railing</Filter>
    </ClCompile>
    <ClCompile Include="Object\Railing\RCRailingBoli.cpp">
      <Filter>Object\Railing</Filter>
    </ClCompile>
    <ClCompile Include="WebIO\KitchenBathroomWebData.cpp">
      <Filter>WebIO</Filter>
    </ClCompile>
    <ClCompile Include="WebIO\AirconditionWebData.cpp">
      <Filter>WebIO</Filter>
    </ClCompile>
    <ClCompile Include="WebIO\RailingWebData.cpp">
      <Filter>WebIO</Filter>
    </ClCompile>
    <ClCompile Include="WebIO\KitchenBathroomLocalData.cpp">
      <Filter>WebIO</Filter>
    </ClCompile>
    <ClCompile Include="UI\GridCellWithPicture.cpp">
      <Filter>UI\PreviewCtrl</Filter>
    </ClCompile>
    <ClCompile Include="WebIO\cpp_base64\src\Base64Decoder.cpp">
      <Filter>WebIO\base64</Filter>
    </ClCompile>
    <ClCompile Include="WebIO\cpp_base64\src\Base64Encoder.cpp">
      <Filter>WebIO\base64</Filter>
    </ClCompile>
    <ClCompile Include="WebIO\cpp_base64\src\cdecode.cpp">
      <Filter>WebIO\base64</Filter>
    </ClCompile>
    <ClCompile Include="WebIO\cpp_base64\src\cencode.cpp">
      <Filter>WebIO\base64</Filter>
    </ClCompile>
    <ClCompile Include="Object\WindowDoor\WindowAutoName.cpp">
      <Filter>Object\WindowDoor</Filter>
    </ClCompile>
    <ClCompile Include="Object\WindowStatistic\AluminumSeries.cpp">
      <Filter>Object\WindowStatictic</Filter>
    </ClCompile>
    <ClCompile Include="Object\WindowStatistic\DeductedSize.cpp">
      <Filter>Object\WindowStatictic</Filter>
    </ClCompile>
    <ClCompile Include="Object\WindowStatistic\WindowMaterialUsage.cpp">
      <Filter>Object\WindowStatictic</Filter>
    </ClCompile>
    <ClCompile Include="Object\WindowStatistic\WindowStatictic.cpp">
      <Filter>Object\WindowStatictic</Filter>
    </ClCompile>
    <ClCompile Include="Common\TYFormula.cpp">
      <Filter>Common</Filter>
    </ClCompile>
    <ClCompile Include="Object\WindowStatistic\WindowFormula.cpp">
      <Filter>Object\WindowStatictic</Filter>
    </ClCompile>
    <ClCompile Include="Object\Kitchen\KitchenAutoName.cpp">
      <Filter>Object\Kitchen</Filter>
    </ClCompile>
    <ClCompile Include="Object\Bathroom\BathroomAutoName.cpp">
      <Filter>Object\Bathroom</Filter>
    </ClCompile>
    <ClCompile Include="ProjectorFileMrg\ProjectInfo.cpp">
      <Filter>ProjectorFileMrg</Filter>
    </ClCompile>
    <ClCompile Include="ProjectorFileMrg\ProjectFile.cpp">
      <Filter>ProjectorFileMrg</Filter>
    </ClCompile>
    <ClCompile Include="ProjectorFileMrg\ProjectFileMrg.cpp">
      <Filter>ProjectorFileMrg</Filter>
    </ClCompile>
    <ClCompile Include="UI\ProjectManagementDlg.cpp">
      <Filter>UI</Filter>
    </ClCompile>
    <ClCompile Include="UI\GridCtrl_src\NewCellTypes\GridCellButton.cpp">
      <Filter>UI\GridCtrl\NewCellTypes</Filter>
    </ClCompile>
    <ClCompile Include="UI\GridCtrl_src\GridCtrlUtil.cpp">
      <Filter>UI\GridCtrl</Filter>
    </ClCompile>
    <ClCompile Include="UI\WindowAdvanceDlg.cpp">
      <Filter>UI</Filter>
    </ClCompile>
    <ClCompile Include="Object\WindowStatistic\GlassSeries.cpp">
      <Filter>Object\WindowStatictic</Filter>
    </ClCompile>
    <ClCompile Include="Object\WindowStatistic\AuxiliaryFrameSeries.cpp">
      <Filter>Object\WindowStatictic</Filter>
    </ClCompile>
    <ClCompile Include="WebIO\WebProjectFile.cpp">
      <Filter>WebIO</Filter>
    </ClCompile>
    <ClCompile Include="UI\NewDirDlg.cpp">
      <Filter>UI</Filter>
    </ClCompile>
    <ClCompile Include="WebIO\WindowLocalDataFromDB.cpp">
      <Filter>WebIO</Filter>
    </ClCompile>
    <ClCompile Include="WebIO\AirConditionLocalDataFromDB.cpp">
      <Filter>WebIO</Filter>
    </ClCompile>
    <ClCompile Include="ProjectorFileMrg\FileUploadDownload.cpp">
      <Filter>ProjectorFileMrg</Filter>
    </ClCompile>
    <ClCompile Include="Object\Railing\RailingStatistic.cpp">
      <Filter>Object\Railing</Filter>
    </ClCompile>
    <ClCompile Include="Common\ThreadUtil.cpp">
      <Filter>Common</Filter>
    </ClCompile>
    <ClCompile Include="Object\KitchenBathroom\KitchenBathroomProp.cpp">
      <Filter>Object\KitchenBathroom</Filter>
    </ClCompile>
    <ClCompile Include="Object\KitchenBathroom\KitchenBathroomStatistic.cpp">
      <Filter>Object\KitchenBathroom</Filter>
    </ClCompile>
    <ClCompile Include="Object\AirCondition\AirConStatistic.cpp">
      <Filter>Object\AirCondition</Filter>
    </ClCompile>
    <ClCompile Include="UI\DlgWindowAirCalc.cpp">
      <Filter>UI</Filter>
    </ClCompile>
    <ClCompile Include="Sunac_def.cpp">
      <Filter>Src</Filter>
    </ClCompile>
    <ClCompile Include="Object\WindowDoor\WindowTop2Front.cpp">
      <Filter>Object\WindowDoor</Filter>
    </ClCompile>
    <ClCompile Include="Common\AES.cpp">
      <Filter>Common</Filter>
    </ClCompile>
    <ClCompile Include="Src\DocumentData.cpp">
      <Filter>Src</Filter>
    </ClCompile>
    <ClCompile Include="Command\CommandHighlight.cpp">
      <Filter>Command</Filter>
    </ClCompile>
    <ClCompile Include="Object\WindowDoor\WindowGen.cpp">
      <Filter>Object\WindowDoor</Filter>
    </ClCompile>
    <ClCompile Include="Common\ComFun_Sunac.cpp">
      <Filter>Common</Filter>
    </ClCompile>
    <ClCompile Include="Src\DocumentDataSerialize.cpp">
      <Filter>Src</Filter>
    </ClCompile>
    <ClCompile Include="Common\ComFun_RectArray.cpp">
      <Filter>Common</Filter>
    </ClCompile>
    <ClCompile Include="Object\WindowDoor\WindowSelect.cpp">
      <Filter>Object\WindowDoor</Filter>
    </ClCompile>
    <ClCompile Include="UI\DlgSetUp.cpp">
      <Filter>UI</Filter>
    </ClCompile>
    <ClCompile Include="Src\Reactor.cpp">
      <Filter>Src</Filter>
    </ClCompile>
    <ClCompile Include="Tangent\TangentOpen.cpp">
      <Filter>Tangent</Filter>
    </ClCompile>
  </ItemGroup>
  <ItemGroup>
    <ClInclude Include="StdAfx.h">
      <Filter>Src</Filter>
    </ClInclude>
    <ClInclude Include="UI\Menu\CAcadApplication.h">
      <Filter>UI\Menu</Filter>
    </ClInclude>
    <ClInclude Include="UI\Menu\CAcadMenuBar.h">
      <Filter>UI\Menu</Filter>
    </ClInclude>
    <ClInclude Include="UI\Menu\CAcadMenuGroup.h">
      <Filter>UI\Menu</Filter>
    </ClInclude>
    <ClInclude Include="UI\Menu\CAcadMenuGroups.h">
      <Filter>UI\Menu</Filter>
    </ClInclude>
    <ClInclude Include="UI\Menu\CAcadPopupMenu.h">
      <Filter>UI\Menu</Filter>
    </ClInclude>
    <ClInclude Include="UI\Menu\CAcadPopupMenuItem.h">
      <Filter>UI\Menu</Filter>
    </ClInclude>
    <ClInclude Include="UI\Menu\CAcadPopupMenus.h">
      <Filter>UI\Menu</Filter>
    </ClInclude>
    <ClInclude Include="UI\Menu\Menu_Def.h">
      <Filter>UI\Menu</Filter>
    </ClInclude>
    <ClInclude Include="main.h">
      <Filter>Src</Filter>
    </ClInclude>
    <ClInclude Include="UI\WindowDlg.h">
      <Filter>UI</Filter>
    </ClInclude>
    <ClInclude Include="UI\KitchenDlg.h">
      <Filter>UI</Filter>
    </ClInclude>
    <ClInclude Include="UI\BathroomDlg.h">
      <Filter>UI</Filter>
    </ClInclude>
    <ClInclude Include="UI\RailingDlg.h">
      <Filter>UI</Filter>
    </ClInclude>
    <ClInclude Include="UI\GridCtrl_src\CellRange.h">
      <Filter>UI\GridCtrl</Filter>
    </ClInclude>
    <ClInclude Include="UI\GridCtrl_src\GridCell.h">
      <Filter>UI\GridCtrl</Filter>
    </ClInclude>
    <ClInclude Include="UI\GridCtrl_src\GridCellBase.h">
      <Filter>UI\GridCtrl</Filter>
    </ClInclude>
    <ClInclude Include="UI\GridCtrl_src\GridCtrl.h">
      <Filter>UI\GridCtrl</Filter>
    </ClInclude>
    <ClInclude Include="UI\GridCtrl_src\GridDropTarget.h">
      <Filter>UI\GridCtrl</Filter>
    </ClInclude>
    <ClInclude Include="UI\GridCtrl_src\InPlaceEdit.h">
      <Filter>UI\GridCtrl</Filter>
    </ClInclude>
    <ClInclude Include="UI\GridCtrl_src\MemDC.h">
      <Filter>UI\GridCtrl</Filter>
    </ClInclude>
    <ClInclude Include="UI\GridCtrl_src\TitleTip.h">
      <Filter>UI\GridCtrl</Filter>
    </ClInclude>
    <ClInclude Include="UI\GridCtrl_src\NewCellTypes\GridCellCheck.h">
      <Filter>UI\GridCtrl\NewCellTypes</Filter>
    </ClInclude>
    <ClInclude Include="UI\GridCtrl_src\NewCellTypes\GridCellCombo.h">
      <Filter>UI\GridCtrl\NewCellTypes</Filter>
    </ClInclude>
    <ClInclude Include="UI\GridCtrl_src\NewCellTypes\GridCellDateTime.h">
      <Filter>UI\GridCtrl\NewCellTypes</Filter>
    </ClInclude>
    <ClInclude Include="UI\GridCtrl_src\NewCellTypes\GridCellNumeric.h">
      <Filter>UI\GridCtrl\NewCellTypes</Filter>
    </ClInclude>
    <ClInclude Include="UI\GridCtrl_src\NewCellTypes\GridURLCell.h">
      <Filter>UI\GridCtrl\NewCellTypes</Filter>
    </ClInclude>
    <ClInclude Include="UI\AirconditionerDlg.h">
      <Filter>UI</Filter>
    </ClInclude>
    <ClInclude Include="Object\RCBlock.h">
      <Filter>Object</Filter>
    </ClInclude>
    <ClInclude Include="Object\RCObject.h">
      <Filter>Object</Filter>
    </ClInclude>
    <ClInclude Include="Object\RCStandBlock.h">
      <Filter>Object</Filter>
    </ClInclude>
    <ClInclude Include="Tool\Excel\CApplication.h">
      <Filter>Tool\Excel</Filter>
    </ClInclude>
    <ClInclude Include="Tool\Excel\CBorder.h">
      <Filter>Tool\Excel</Filter>
    </ClInclude>
    <ClInclude Include="Tool\Excel\CBorders.h">
      <Filter>Tool\Excel</Filter>
    </ClInclude>
    <ClInclude Include="Tool\Excel\CExcel.h">
      <Filter>Tool\Excel</Filter>
    </ClInclude>
    <ClInclude Include="Tool\Excel\CFont0.h">
      <Filter>Tool\Excel</Filter>
    </ClInclude>
    <ClInclude Include="Tool\Excel\Cnterior.h">
      <Filter>Tool\Excel</Filter>
    </ClInclude>
    <ClInclude Include="Tool\Excel\CRange.h">
      <Filter>Tool\Excel</Filter>
    </ClInclude>
    <ClInclude Include="Tool\Excel\CRanges.h">
      <Filter>Tool\Excel</Filter>
    </ClInclude>
    <ClInclude Include="Tool\Excel\CWorkbook.h">
      <Filter>Tool\Excel</Filter>
    </ClInclude>
    <ClInclude Include="Tool\Excel\CWorkbooks.h">
      <Filter>Tool\Excel</Filter>
    </ClInclude>
    <ClInclude Include="Tool\Excel\CWorksheet.h">
      <Filter>Tool\Excel</Filter>
    </ClInclude>
    <ClInclude Include="Tool\Excel\CWorksheets.h">
      <Filter>Tool\Excel</Filter>
    </ClInclude>
    <ClInclude Include="Tool\Excel\Excel.h">
      <Filter>Tool\Excel</Filter>
    </ClInclude>
    <ClInclude Include="Common\AcessDatabase.h">
      <Filter>Common</Filter>
    </ClInclude>
    <ClInclude Include="Common\ComFun_ACad.h">
      <Filter>Common</Filter>
    </ClInclude>
    <ClInclude Include="Common\ComFun_ACAD_Common.h">
      <Filter>Common</Filter>
    </ClInclude>
    <ClInclude Include="Common\ComFun_ACAD_Geometry.h">
      <Filter>Common</Filter>
    </ClInclude>
    <ClInclude Include="Common\ComFun_Convert.h">
      <Filter>Common</Filter>
    </ClInclude>
    <ClInclude Include="Common\ComFun_Def.h">
      <Filter>Common</Filter>
    </ClInclude>
    <ClInclude Include="Common\ComFun_Interactive.h">
      <Filter>Common</Filter>
    </ClInclude>
    <ClInclude Include="Common\ComFun_Layer.h">
      <Filter>Common</Filter>
    </ClInclude>
    <ClInclude Include="Common\ComFun_Math.h">
      <Filter>Common</Filter>
    </ClInclude>
    <ClInclude Include="Common\ComFun_Str.h">
      <Filter>Common</Filter>
    </ClInclude>
    <ClInclude Include="Common\ComFun_String.h">
      <Filter>Common</Filter>
    </ClInclude>
    <ClInclude Include="Common\TYRect.h">
      <Filter>Common</Filter>
    </ClInclude>
    <ClInclude Include="Object\RCDynamicBlock.h">
      <Filter>Object</Filter>
    </ClInclude>
    <ClInclude Include="Object\RCWaterProof.h">
      <Filter>Object</Filter>
    </ClInclude>
    <ClInclude Include="Object\RCStdFacade.h">
      <Filter>Object</Filter>
    </ClInclude>
    <ClInclude Include="Object\RCStdFill.h">
      <Filter>Object</Filter>
    </ClInclude>
    <ClInclude Include="Object\RCXianJiao.h">
      <Filter>Object</Filter>
    </ClInclude>
    <ClInclude Include="Common\ComFun_DynamicBlock.h">
      <Filter>Common</Filter>
    </ClInclude>
    <ClInclude Include="UI\MyPalette.h">
      <Filter>UI</Filter>
    </ClInclude>
    <ClInclude Include="UI\MyPaletteSet.h">
      <Filter>UI</Filter>
    </ClInclude>
    <ClInclude Include="UI\DlgLeftBar.h">
      <Filter>UI</Filter>
    </ClInclude>
    <ClInclude Include="UI\DlgLogin.h">
      <Filter>UI</Filter>
    </ClInclude>
    <ClInclude Include="Object\AttrObject.h">
      <Filter>Object</Filter>
    </ClInclude>
    <ClInclude Include="Command\Command.h">
      <Filter>Command</Filter>
    </ClInclude>
    <ClInclude Include="Sunac_def.h">
      <Filter>Src</Filter>
    </ClInclude>
    <ClInclude Include="GlobalSetting.h">
      <Filter>Src</Filter>
    </ClInclude>
    <ClInclude Include="Tool\Regedit.h">
      <Filter>Tool</Filter>
    </ClInclude>
    <ClInclude Include="Command\CommandWindowTable.h">
      <Filter>Command</Filter>
    </ClInclude>
    <ClInclude Include="Command\CommandWindowDetail.h">
      <Filter>Command</Filter>
    </ClInclude>
    <ClInclude Include="Tool\DocLock.h">
      <Filter>Tool</Filter>
    </ClInclude>
    <ClInclude Include="UI\TreeCtrlEx.h">
      <Filter>UI</Filter>
    </ClInclude>
    <ClInclude Include="WebIO\WebIO.h">
      <Filter>WebIO</Filter>
    </ClInclude>
    <ClInclude Include="UI\GsPreviewCtrl.h">
      <Filter>UI\PreviewCtrl</Filter>
    </ClInclude>
    <ClInclude Include="UI\GridCtrlWithPreview.h">
      <Filter>UI\PreviewCtrl</Filter>
    </ClInclude>
    <ClInclude Include="UI\GridCellForPreview.h">
      <Filter>UI\PreviewCtrl</Filter>
    </ClInclude>
    <ClInclude Include="UI\PreviewWithDetail.h">
      <Filter>UI\PreviewCtrl</Filter>
    </ClInclude>
    <ClInclude Include="UI\GridCtrlEx.h">
      <Filter>UI\GridCtrl</Filter>
    </ClInclude>
    <ClInclude Include="UI\ComFun_MFC.h">
      <Filter>UI</Filter>
    </ClInclude>
    <ClInclude Include="WebIO\SunacCadWeb\stdsoap2.h">
      <Filter>WebIO\SunacCadWeb</Filter>
    </ClInclude>
    <ClInclude Include="Tool\MarkupXml\Markup.h">
      <Filter>Tool\MarkupXml</Filter>
    </ClInclude>
    <ClInclude Include="WebIO\SunacCadWeb\soapH.h">
      <Filter>WebIO\SunacCadWeb</Filter>
    </ClInclude>
    <ClInclude Include="WebIO\SunacCadWeb\soapStub.h">
      <Filter>WebIO\SunacCadWeb</Filter>
    </ClInclude>
    <ClInclude Include="WebIO\SunacCadWeb\soapArgumentSettingServiceSoapProxy.h">
      <Filter>WebIO\SunacCadWeb</Filter>
    </ClInclude>
    <ClInclude Include="WebIO\ConfigDictionary.h">
      <Filter>WebIO</Filter>
    </ClInclude>
    <ClInclude Include="Tool\MarkupXml\Markup.h" />
    <ClInclude Include="UI\ComFun_MFC.h" />
    <ClInclude Include="WebIO\ConfigDictionary.h" />
    <ClInclude Include="WebIO\SunacCadWeb\soapArgumentSettingServiceSoapProxy.h" />
    <ClInclude Include="WebIO\SunacCadWeb\soapH.h" />
    <ClInclude Include="WebIO\SunacCadWeb\soapStub.h" />
    <ClInclude Include="WebIO\SunacCadWeb\stdsoap2.h" />
    <ClInclude Include="Object\Kitchen\KitchenGen.h">
      <Filter>Object\Kitchen</Filter>
    </ClInclude>
    <ClInclude Include="Object\PrototypeCommonDef.h">
      <Filter>Object</Filter>
    </ClInclude>
    <ClInclude Include="Object\Kitchen\AttrKitchen.h">
      <Filter>Object\Kitchen</Filter>
    </ClInclude>
    <ClInclude Include="Object\Kitchen\RCKitchen.h">
      <Filter>Object\Kitchen</Filter>
    </ClInclude>
    <ClInclude Include="WebIO\WindowWebData.h">
      <Filter>WebIO</Filter>
    </ClInclude>
    <ClInclude Include="WebIO\WindowLocalData.h">
      <Filter>WebIO</Filter>
    </ClInclude>
    <ClInclude Include="WebIO\AirConditionLocalData.h">
      <Filter>WebIO</Filter>
    </ClInclude>
    <ClInclude Include="Object\Railing\AttrRailing.h">
      <Filter>Object\Railing</Filter>
    </ClInclude>
    <ClInclude Include="Object\Railing\RCRailing.h">
      <Filter>Object\Railing</Filter>
    </ClInclude>
    <ClInclude Include="Object\AirCondition\AttrAirCon.h">
      <Filter>Object\AirCondition</Filter>
    </ClInclude>
    <ClInclude Include="Object\AirCondition\RCAirCondition.h">
      <Filter>Object\AirCondition</Filter>
    </ClInclude>
    <ClInclude Include="Object\WindowDoor\AttrWindow.h">
      <Filter>Object\WindowDoor</Filter>
    </ClInclude>
    <ClInclude Include="Object\WindowDoor\RCWindow.h">
      <Filter>Object\WindowDoor</Filter>
    </ClInclude>
    <ClInclude Include="Object\Bathroom\RCBathroom.h">
      <Filter>Object\Bathroom</Filter>
    </ClInclude>
    <ClInclude Include="Object\Bathroom\AttrBathroom.h">
      <Filter>Object\Bathroom</Filter>
    </ClInclude>
    <ClInclude Include="Tool\DoubleClickBlockReference.h">
      <Filter>Tool</Filter>
    </ClInclude>
    <ClInclude Include="Object\Bathroom\BathroomGen.h">
      <Filter>Object\Bathroom</Filter>
    </ClInclude>
    <ClInclude Include="Object\Railing\RCRailingTieyi.h">
      <Filter>Object\Railing</Filter>
    </ClInclude>
    <ClInclude Include="Object\Railing\RCRailingBoli.h">
      <Filter>Object\Railing</Filter>
    </ClInclude>
    <ClInclude Include="WebIO\KitchenBathroomWebData.h">
      <Filter>WebIO</Filter>
    </ClInclude>
    <ClInclude Include="WebIO\AirconditionWebData.h">
      <Filter>WebIO</Filter>
    </ClInclude>
    <ClInclude Include="WebIO\RailingWebData.h">
      <Filter>WebIO</Filter>
    </ClInclude>
    <ClInclude Include="WebIO\KitchenBathroomLocalData.h">
      <Filter>WebIO</Filter>
    </ClInclude>
    <ClInclude Include="UI\GridCellWithPicture.h">
      <Filter>UI\PreviewCtrl</Filter>
    </ClInclude>
    <ClInclude Include="WebIO\cpp_base64\src\Base64Decoder.h">
      <Filter>WebIO\base64</Filter>
    </ClInclude>
    <ClInclude Include="WebIO\cpp_base64\src\Base64Encoder.h">
      <Filter>WebIO\base64</Filter>
    </ClInclude>
    <ClInclude Include="WebIO\cpp_base64\src\cdecode.h">
      <Filter>WebIO\base64</Filter>
    </ClInclude>
    <ClInclude Include="WebIO\cpp_base64\src\cencode.h">
      <Filter>WebIO\base64</Filter>
    </ClInclude>
    <ClInclude Include="Object\WindowDoor\WindowAutoName.h">
      <Filter>Object\WindowDoor</Filter>
    </ClInclude>
    <ClInclude Include="Object\WindowStatistic\AluminumSeries.h">
      <Filter>Object\WindowStatictic</Filter>
    </ClInclude>
    <ClInclude Include="Object\WindowStatistic\DeductedSize.h">
      <Filter>Object\WindowStatictic</Filter>
    </ClInclude>
    <ClInclude Include="Object\WindowStatistic\WindowMaterialUsage.h">
      <Filter>Object\WindowStatictic</Filter>
    </ClInclude>
    <ClInclude Include="Object\WindowStatistic\WindowStatictic.h">
      <Filter>Object\WindowStatictic</Filter>
    </ClInclude>
    <ClInclude Include="Common\TYFormula.h">
      <Filter>Common</Filter>
    </ClInclude>
    <ClInclude Include="Object\WindowStatistic\WindowFormula.h">
      <Filter>Object\WindowStatictic</Filter>
    </ClInclude>
    <ClInclude Include="Tool\SQLite\sqlite3.h">
      <Filter>Tool\SQLite</Filter>
    </ClInclude>
    <ClInclude Include="Tool\SQLite\sqlite3ext.h">
      <Filter>Tool\SQLite</Filter>
    </ClInclude>
    <ClInclude Include="Object\Kitchen\KitchenAutoName.h">
      <Filter>Object\Kitchen</Filter>
    </ClInclude>
    <ClInclude Include="Object\Bathroom\BathroomAutoName.h">
      <Filter>Object\Bathroom</Filter>
    </ClInclude>
    <ClInclude Include="ProjectorFileMrg\ProjectInfo.h">
      <Filter>ProjectorFileMrg</Filter>
    </ClInclude>
    <ClInclude Include="ProjectorFileMrg\ProjectFile.h">
      <Filter>ProjectorFileMrg</Filter>
    </ClInclude>
    <ClInclude Include="ProjectorFileMrg\ProjectFileMrg.h">
      <Filter>ProjectorFileMrg</Filter>
    </ClInclude>
    <ClInclude Include="UI\ProjectManagementDlg.h">
      <Filter>UI</Filter>
    </ClInclude>
    <ClInclude Include="UI\GridCtrl_src\NewCellTypes\GridCellButton.h">
      <Filter>UI\GridCtrl\NewCellTypes</Filter>
    </ClInclude>
    <ClInclude Include="UI\GridCtrl_src\GridCtrlUtil.h">
      <Filter>UI\GridCtrl</Filter>
    </ClInclude>
    <ClInclude Include="UI\WindowAdvanceDlg.h">
      <Filter>UI</Filter>
    </ClInclude>
    <ClInclude Include="Object\WindowStatistic\GlassSeries.h">
      <Filter>Object\WindowStatictic</Filter>
    </ClInclude>
    <ClInclude Include="Object\WindowStatistic\AuxiliaryFrameSeries.h">
      <Filter>Object\WindowStatictic</Filter>
    </ClInclude>
    <ClInclude Include="WebIO\WebProjectFile.h">
      <Filter>WebIO</Filter>
    </ClInclude>
    <ClInclude Include="UI\NewDirDlg.h">
      <Filter>UI</Filter>
    </ClInclude>
    <ClInclude Include="WebIO\WebCommon.h">
      <Filter>WebIO</Filter>
    </ClInclude>
    <ClInclude Include="WebIO\WindowLocalDataFromDB.h">
      <Filter>WebIO</Filter>
    </ClInclude>
    <ClInclude Include="WebIO\AirConditionLocalDataFromDB.h">
      <Filter>WebIO</Filter>
    </ClInclude>
    <ClInclude Include="ProjectorFileMrg\FileUploadDownload.h">
      <Filter>ProjectorFileMrg</Filter>
    </ClInclude>
    <ClInclude Include="Object\Railing\RailingStatistic.h">
      <Filter>Object\Railing</Filter>
    </ClInclude>
    <ClInclude Include="Common\ThreadUtil.h">
      <Filter>Common</Filter>
    </ClInclude>
    <ClInclude Include="Object\KitchenBathroom\KitchenBathroomProp.h">
      <Filter>Object\KitchenBathroom</Filter>
    </ClInclude>
    <ClInclude Include="Object\KitchenBathroom\KitchenBathroomStatistic.h">
      <Filter>Object\KitchenBathroom</Filter>
    </ClInclude>
    <ClInclude Include="Object\AirCondition\AirConStatistic.h">
      <Filter>Object\AirCondition</Filter>
    </ClInclude>
    <ClInclude Include="UI\DlgWindowAirCalc.h">
      <Filter>UI</Filter>
    </ClInclude>
    <ClInclude Include="Object\WindowDoor\WindowTop2Front.h">
      <Filter>Object\WindowDoor</Filter>
    </ClInclude>
    <ClInclude Include="Common\AES.h">
      <Filter>Common</Filter>
    </ClInclude>
    <ClInclude Include="Src\DocumentData.h">
      <Filter>Src</Filter>
    </ClInclude>
    <ClInclude Include="Command\CommandHighlight.h">
      <Filter>Command</Filter>
    </ClInclude>
    <ClInclude Include="Object\WindowDoor\WindowGen.h">
      <Filter>Object\WindowDoor</Filter>
    </ClInclude>
    <ClInclude Include="Common\ComFun_Sunac.h">
      <Filter>Common</Filter>
    </ClInclude>
    <ClInclude Include="Src\DocumentDataSerialize.h">
      <Filter>Src</Filter>
    </ClInclude>
    <ClInclude Include="res\resource.h">
      <Filter>res</Filter>
    </ClInclude>
    <ClInclude Include="Common\ComFun_RectArray.h">
      <Filter>Common</Filter>
    </ClInclude>
    <ClInclude Include="Object\WindowDoor\WindowSelect.h">
      <Filter>Object\WindowDoor</Filter>
    </ClInclude>
    <ClInclude Include="UI\DlgSetUp.h">
      <Filter>UI</Filter>
    </ClInclude>
    <ClInclude Include="Src\Reactor.h">
      <Filter>Src</Filter>
    </ClInclude>
    <ClInclude Include="Tangent\TangentOpen.h">
      <Filter>Tangent</Filter>
    </ClInclude>
  </ItemGroup>
  <ItemGroup>
    <Filter Include="UI">
      <UniqueIdentifier>{e183cb25-5c73-48fd-b49e-7315c7333170}</UniqueIdentifier>
    </Filter>
    <Filter Include="UI\Menu">
      <UniqueIdentifier>{d75291fd-bef4-4ad0-a200-c99f7e841cc3}</UniqueIdentifier>
    </Filter>
    <Filter Include="Common">
      <UniqueIdentifier>{5096803b-0346-4b6b-86c8-6aa77e6e463c}</UniqueIdentifier>
    </Filter>
    <Filter Include="UI\GridCtrl">
      <UniqueIdentifier>{916e2724-ca36-471d-afff-083e0b932025}</UniqueIdentifier>
    </Filter>
    <Filter Include="UI\GridCtrl\NewCellTypes">
      <UniqueIdentifier>{83e4724a-0bab-4242-95e2-3f49ac48765e}</UniqueIdentifier>
    </Filter>
    <Filter Include="Object">
      <UniqueIdentifier>{a7392403-256d-4676-86f3-d6742dadb573}</UniqueIdentifier>
    </Filter>
    <Filter Include="Tool">
      <UniqueIdentifier>{8c8599a7-0dbd-4592-8f3b-3e64a4a1168f}</UniqueIdentifier>
    </Filter>
    <Filter Include="Tool\Excel">
      <UniqueIdentifier>{454bc2d0-be15-4f72-ae3d-203eae19c3f8}</UniqueIdentifier>
    </Filter>
    <Filter Include="Command">
      <UniqueIdentifier>{1820d1ff-4187-4dca-8f46-376bd45f8b92}</UniqueIdentifier>
    </Filter>
    <Filter Include="WebIO">
      <UniqueIdentifier>{e2817748-4c58-4960-b20c-9d3102f58b33}</UniqueIdentifier>
    </Filter>
    <Filter Include="UI\PreviewCtrl">
      <UniqueIdentifier>{71d3a590-6f0f-47f8-8a31-57c09642b0a2}</UniqueIdentifier>
    </Filter>
    <Filter Include="WebIO\SunacCadWeb">
      <UniqueIdentifier>{8291efd3-84a8-4691-84d4-e1aa4e0cf166}</UniqueIdentifier>
    </Filter>
    <Filter Include="Tool\MarkupXml">
      <UniqueIdentifier>{990c504d-77ee-4770-a1ae-8cfb3d110f83}</UniqueIdentifier>
    </Filter>
    <Filter Include="Object\Kitchen">
      <UniqueIdentifier>{6a71ba5b-5f86-4ea6-a1aa-e9f786080fc6}</UniqueIdentifier>
    </Filter>
    <Filter Include="Object\Bathroom">
      <UniqueIdentifier>{d2294c04-ba86-4686-a0b2-675541f408ee}</UniqueIdentifier>
    </Filter>
    <Filter Include="Object\Railing">
      <UniqueIdentifier>{7d271199-0689-4b26-82df-e0ed689299f8}</UniqueIdentifier>
    </Filter>
    <Filter Include="Object\WindowDoor">
      <UniqueIdentifier>{322af860-a0df-4953-bbc6-3891f2dbe8d9}</UniqueIdentifier>
    </Filter>
    <Filter Include="Object\AirCondition">
      <UniqueIdentifier>{0b2fa8ef-0928-40ce-bf66-c28118401bdd}</UniqueIdentifier>
    </Filter>
    <Filter Include="WebIO\base64">
      <UniqueIdentifier>{f5231dd6-5804-4ed6-ab14-1a5811901ddf}</UniqueIdentifier>
    </Filter>
    <Filter Include="Object\WindowStatictic">
      <UniqueIdentifier>{5c95edbc-ba71-4098-94e7-fa1cd929d900}</UniqueIdentifier>
    </Filter>
    <Filter Include="Tool\SQLite">
      <UniqueIdentifier>{8f280fbe-bcb8-4af5-aa59-5d4b4cbf26a1}</UniqueIdentifier>
    </Filter>
    <Filter Include="ProjectorFileMrg">
      <UniqueIdentifier>{5c6ebdc3-2fdc-433d-b3d8-97c74c37618a}</UniqueIdentifier>
    </Filter>
    <Filter Include="Object\KitchenBathroom">
      <UniqueIdentifier>{5d696d10-72d5-41c3-9da6-6136b5377588}</UniqueIdentifier>
    </Filter>
    <Filter Include="res">
      <UniqueIdentifier>{cb92c717-1923-4855-897d-fd0e9c5a19c1}</UniqueIdentifier>
    </Filter>
    <Filter Include="Src">
      <UniqueIdentifier>{efe70b79-2d79-4a9b-a5a8-790775b65eab}</UniqueIdentifier>
    </Filter>
    <Filter Include="Tangent">
      <UniqueIdentifier>{31ef5119-52e2-4b3f-9600-8a1fffa4e47d}</UniqueIdentifier>
    </Filter>
  </ItemGroup>
  <ItemGroup>
    <None Include="res\画图Folder.ico">
      <Filter>res</Filter>
    </None>
    <None Include="res\Document.ico">
      <Filter>res</Filter>
    </None>
    <None Include="WebIO\SunacCadWeb\ArgumentSettingServiceSoap.nsmap">
      <Filter>WebIO</Filter>
    </None>
    <None Include="res\Cancel.bmp">
      <Filter>res</Filter>
    </None>
    <None Include="res\doordir.bmp">
      <Filter>res</Filter>
    </None>
    <None Include="res\Insert.bmp">
      <Filter>res</Filter>
    </None>
    <None Include="res\kitchenrange.bmp">
      <Filter>res</Filter>
    </None>
    <None Include="res\lib.bmp">
      <Filter>res</Filter>
    </None>
    <None Include="res\mainicon.bmp">
      <Filter>res</Filter>
    </None>
    <None Include="res\Railing_T1.bmp">
      <Filter>res</Filter>
    </None>
    <None Include="res\Railing_T2.bmp">
      <Filter>res</Filter>
    </None>
    <None Include="res\Railing_T3.bmp">
      <Filter>res</Filter>
    </None>
    <None Include="res\Railing_T4.bmp">
      <Filter>res</Filter>
    </None>
    <None Include="res\Railing_T5.bmp">
      <Filter>res</Filter>
    </None>
    <None Include="res\Railing_T6.bmp">
      <Filter>res</Filter>
    </None>
    <None Include="res\Railing_T7.bmp">
      <Filter>res</Filter>
    </None>
    <None Include="res\search.bmp">
      <Filter>res</Filter>
    </None>
    <None Include="res\selOne.bmp">
      <Filter>res</Filter>
    </None>
    <None Include="res\SunacCoordination.aps">
      <Filter>res</Filter>
    </None>
    <None Include="res\windowdir.bmp">
      <Filter>res</Filter>
    </None>
  </ItemGroup>
  <ItemGroup>
    <ResourceCompile Include="res\SunacCoordination.rc">
      <Filter>res</Filter>
    </ResourceCompile>
  </ItemGroup>
</Project>