<?xml version="1.0" encoding="utf-8"?>
<Project ToolsVersion="4.0" xmlns="http://schemas.microsoft.com/developer/msbuild/2003">
  <ItemGroup>
    <ClCompile Include="StdAfx.cpp">
      <Filter>Source</Filter>
    </ClCompile>
    <ClCompile Include="main.cpp">
      <Filter>Source</Filter>
    </ClCompile>
    <ClCompile Include="UI\WindowDlg.cpp">
      <Filter>UI</Filter>
    </ClCompile>
    <ClCompile Include="UI\KitchenDlg.cpp">
      <Filter>UI</Filter>
    </ClCompile>
    <ClCompile Include="UI\BathroomDlg.cpp">
      <Filter>UI</Filter>
    </ClCompile>
    <ClCompile Include="UI\RailingBaseDlg.cpp">
      <Filter>UI</Filter>
    </ClCompile>
    <ClCompile Include="UI\RailingDlg.cpp">
      <Filter>UI</Filter>
    </ClCompile>
    <ClCompile Include="UI\GsPreviewCtrl.cpp">
      <Filter>UI</Filter>
    </ClCompile>
    <ClCompile Include="UI\GridCtrl_src\GridCell.cpp">
      <Filter>UI\GridCtrl</Filter>
    </ClCompile>
    <ClCompile Include="UI\GridCtrl_src\GridCellBase.cpp">
      <Filter>UI\GridCtrl</Filter>
    </ClCompile>
    <ClCompile Include="UI\GridCtrl_src\GridCtrl.cpp">
      <Filter>UI\GridCtrl</Filter>
    </ClCompile>
    <ClCompile Include="UI\GridCtrl_src\GridDropTarget.cpp">
      <Filter>UI\GridCtrl</Filter>
    </ClCompile>
    <ClCompile Include="UI\GridCtrl_src\InPlaceEdit.cpp">
      <Filter>UI\GridCtrl</Filter>
    </ClCompile>
    <ClCompile Include="UI\GridCtrl_src\TitleTip.cpp">
      <Filter>UI\GridCtrl</Filter>
    </ClCompile>
    <ClCompile Include="UI\GridCtrl_src\NewCellTypes\GridCellCheck.cpp">
      <Filter>UI\GridCtrl\NewCellTypes</Filter>
    </ClCompile>
    <ClCompile Include="UI\GridCtrl_src\NewCellTypes\GridCellCombo.cpp">
      <Filter>UI\GridCtrl\NewCellTypes</Filter>
    </ClCompile>
    <ClCompile Include="UI\GridCtrl_src\NewCellTypes\GridCellDateTime.cpp">
      <Filter>UI\GridCtrl\NewCellTypes</Filter>
    </ClCompile>
    <ClCompile Include="UI\GridCtrl_src\NewCellTypes\GridCellNumeric.cpp">
      <Filter>UI\GridCtrl\NewCellTypes</Filter>
    </ClCompile>
    <ClCompile Include="UI\GridCtrl_src\NewCellTypes\GridURLCell.cpp">
      <Filter>UI\GridCtrl\NewCellTypes</Filter>
    </ClCompile>
    <ClCompile Include="UI\AirconditionerDlg.cpp">
      <Filter>UI</Filter>
    </ClCompile>
    <ClCompile Include="UI\DoorDlg.cpp">
      <Filter>UI</Filter>
    </ClCompile>
    <ClCompile Include="UI\FacadeDlg.cpp">
      <Filter>UI</Filter>
    </ClCompile>
    <ClCompile Include="UI\FillingDlg.cpp">
      <Filter>UI</Filter>
    </ClCompile>
    <ClCompile Include="UI\MoldingsDlg.cpp">
      <Filter>UI</Filter>
    </ClCompile>
    <ClCompile Include="UI\WaterproofDlg.cpp">
      <Filter>UI</Filter>
    </ClCompile>
    <ClCompile Include="UI\GridCtrlEx.cpp">
      <Filter>UI</Filter>
    </ClCompile>
    <ClCompile Include="UI\GridCtrlWithPreview.cpp">
      <Filter>UI</Filter>
    </ClCompile>
    <ClCompile Include="Object\RCBlock.cpp">
      <Filter>Object</Filter>
    </ClCompile>
    <ClCompile Include="Object\RCObject.cpp">
      <Filter>Object</Filter>
    </ClCompile>
    <ClCompile Include="Object\RCStandBlock.cpp">
      <Filter>Object</Filter>
    </ClCompile>
    <ClCompile Include="Tool\Excel\CExcel.cpp">
      <Filter>Tool\Excel</Filter>
    </ClCompile>
    <ClCompile Include="Tool\Excel\Excel.cpp">
      <Filter>Tool\Excel</Filter>
    </ClCompile>
    <ClCompile Include="Common\AcessDatabase.cpp">
      <Filter>Common</Filter>
    </ClCompile>
    <ClCompile Include="Common\ComFun_ACad.cpp">
      <Filter>Common</Filter>
    </ClCompile>
    <ClCompile Include="Common\ComFun_ACAD_Common.cpp">
      <Filter>Common</Filter>
    </ClCompile>
    <ClCompile Include="Common\ComFun_ACAD_Geometry.cpp">
      <Filter>Common</Filter>
    </ClCompile>
    <ClCompile Include="Common\ComFun_Convert.cpp">
      <Filter>Common</Filter>
    </ClCompile>
    <ClCompile Include="Common\ComFun_Interactive.cpp">
      <Filter>Common</Filter>
    </ClCompile>
    <ClCompile Include="Common\ComFun_Layer.cpp">
      <Filter>Common</Filter>
    </ClCompile>
    <ClCompile Include="Common\ComFun_Math.cpp">
      <Filter>Common</Filter>
    </ClCompile>
    <ClCompile Include="Common\ComFun_Str.cpp">
      <Filter>Common</Filter>
    </ClCompile>
    <ClCompile Include="Common\ComFun_String.cpp">
      <Filter>Common</Filter>
    </ClCompile>
    <ClCompile Include="Common\TYRect.cpp">
      <Filter>Common</Filter>
    </ClCompile>
    <ClCompile Include="Common\ComFun_Sunac.cpp">
      <Filter>Common</Filter>
    </ClCompile>
    <ClCompile Include="Object\RCDynamicBlock.cpp">
      <Filter>Object</Filter>
    </ClCompile>
    <ClCompile Include="Object\RCWindow.cpp">
      <Filter>Object</Filter>
    </ClCompile>
    <ClCompile Include="Object\RCDoor.cpp">
      <Filter>Object</Filter>
    </ClCompile>
    <ClCompile Include="Object\RCKitchen.cpp">
      <Filter>Object</Filter>
    </ClCompile>
    <ClCompile Include="Object\RCToilet.cpp">
      <Filter>Object</Filter>
    </ClCompile>
    <ClCompile Include="Object\RCAirCondition.cpp">
      <Filter>Object</Filter>
    </ClCompile>
    <ClCompile Include="Object\RCWaterProof.cpp">
      <Filter>Object</Filter>
    </ClCompile>
    <ClCompile Include="Object\RCStdFacade.cpp">
      <Filter>Object</Filter>
    </ClCompile>
    <ClCompile Include="Object\RCStdFill.cpp">
      <Filter>Object</Filter>
    </ClCompile>
    <ClCompile Include="Object\RCXianJiao.cpp">
      <Filter>Object</Filter>
    </ClCompile>
    <ClCompile Include="Common\ComFun_DynamicBlock.cpp">
      <Filter>Common</Filter>
    </ClCompile>
    <ClCompile Include="Object\RCRailing.cpp">
      <Filter>Object</Filter>
    </ClCompile>
    <ClCompile Include="UI\MyPalette.cpp">
      <Filter>UI</Filter>
    </ClCompile>
    <ClCompile Include="UI\MyPaletteSet.cpp">
      <Filter>UI</Filter>
    </ClCompile>
    <ClCompile Include="UI\DlgLeftBar.cpp">
      <Filter>UI</Filter>
    </ClCompile>
    <ClCompile Include="UI\DlgLogin.cpp">
      <Filter>UI</Filter>
    </ClCompile>
    <ClCompile Include="Object\AttrAirCon.cpp">
      <Filter>Object</Filter>
    </ClCompile>
    <ClCompile Include="Object\AttrDoor.cpp">
      <Filter>Object</Filter>
    </ClCompile>
    <ClCompile Include="Object\AttrKitchen.cpp">
      <Filter>Object</Filter>
    </ClCompile>
    <ClCompile Include="Object\AttrRailing.cpp">
      <Filter>Object</Filter>
    </ClCompile>
    <ClCompile Include="Object\AttrToilet.cpp">
      <Filter>Object</Filter>
    </ClCompile>
    <ClCompile Include="Object\AttrWindow.cpp">
      <Filter>Object</Filter>
    </ClCompile>
    <ClCompile Include="Object\AttrObject.cpp">
      <Filter>Object</Filter>
    </ClCompile>
    <ClCompile Include="Command\Command.cpp">
      <Filter>Command</Filter>
    </ClCompile>
    <ClCompile Include="Command\CommandWindowDoorTable.cpp">
      <Filter>Command</Filter>
    </ClCompile>
    <ClCompile Include="GlobalSetting.cpp">
      <Filter>Source</Filter>
    </ClCompile>
    <ClCompile Include="WebIO.cpp">
      <Filter>Source</Filter>
    </ClCompile>
    <ClCompile Include="Tool\Regedit.cpp">
      <Filter>Tool</Filter>
    </ClCompile>
  </ItemGroup>
  <ItemGroup>
    <ClInclude Include="StdAfx.h">
      <Filter>Source</Filter>
    </ClInclude>
    <ClInclude Include="UI\Menu\CAcadApplication.h">
      <Filter>UI\Menu</Filter>
    </ClInclude>
    <ClInclude Include="UI\Menu\CAcadMenuBar.h">
      <Filter>UI\Menu</Filter>
    </ClInclude>
    <ClInclude Include="UI\Menu\CAcadMenuGroup.h">
      <Filter>UI\Menu</Filter>
    </ClInclude>
    <ClInclude Include="UI\Menu\CAcadMenuGroups.h">
      <Filter>UI\Menu</Filter>
    </ClInclude>
    <ClInclude Include="UI\Menu\CAcadPopupMenu.h">
      <Filter>UI\Menu</Filter>
    </ClInclude>
    <ClInclude Include="UI\Menu\CAcadPopupMenuItem.h">
      <Filter>UI\Menu</Filter>
    </ClInclude>
    <ClInclude Include="UI\Menu\CAcadPopupMenus.h">
      <Filter>UI\Menu</Filter>
    </ClInclude>
    <ClInclude Include="UI\Menu\Menu_Def.h">
      <Filter>UI\Menu</Filter>
    </ClInclude>
    <ClInclude Include="main.h">
      <Filter>Source</Filter>
    </ClInclude>
    <ClInclude Include="res\resource.h">
      <Filter>Source</Filter>
    </ClInclude>
    <ClInclude Include="UI\WindowDlg.h">
      <Filter>UI</Filter>
    </ClInclude>
    <ClInclude Include="UI\KitchenDlg.h">
      <Filter>UI</Filter>
    </ClInclude>
    <ClInclude Include="UI\BathroomDlg.h">
      <Filter>UI</Filter>
    </ClInclude>
    <ClInclude Include="UI\RailingBaseDlg.h">
      <Filter>UI</Filter>
    </ClInclude>
    <ClInclude Include="UI\RailingDlg.h">
      <Filter>UI</Filter>
    </ClInclude>
    <ClInclude Include="UI\GsPreviewCtrl.h">
      <Filter>UI</Filter>
    </ClInclude>
    <ClInclude Include="UI\GridCtrl_src\CellRange.h">
      <Filter>UI\GridCtrl</Filter>
    </ClInclude>
    <ClInclude Include="UI\GridCtrl_src\GridCell.h">
      <Filter>UI\GridCtrl</Filter>
    </ClInclude>
    <ClInclude Include="UI\GridCtrl_src\GridCellBase.h">
      <Filter>UI\GridCtrl</Filter>
    </ClInclude>
    <ClInclude Include="UI\GridCtrl_src\GridCtrl.h">
      <Filter>UI\GridCtrl</Filter>
    </ClInclude>
    <ClInclude Include="UI\GridCtrl_src\GridDropTarget.h">
      <Filter>UI\GridCtrl</Filter>
    </ClInclude>
    <ClInclude Include="UI\GridCtrl_src\InPlaceEdit.h">
      <Filter>UI\GridCtrl</Filter>
    </ClInclude>
    <ClInclude Include="UI\GridCtrl_src\MemDC.h">
      <Filter>UI\GridCtrl</Filter>
    </ClInclude>
    <ClInclude Include="UI\GridCtrl_src\TitleTip.h">
      <Filter>UI\GridCtrl</Filter>
    </ClInclude>
    <ClInclude Include="UI\GridCtrl_src\NewCellTypes\GridCellCheck.h">
      <Filter>UI\GridCtrl\NewCellTypes</Filter>
    </ClInclude>
    <ClInclude Include="UI\GridCtrl_src\NewCellTypes\GridCellCombo.h">
      <Filter>UI\GridCtrl\NewCellTypes</Filter>
    </ClInclude>
    <ClInclude Include="UI\GridCtrl_src\NewCellTypes\GridCellDateTime.h">
      <Filter>UI\GridCtrl\NewCellTypes</Filter>
    </ClInclude>
    <ClInclude Include="UI\GridCtrl_src\NewCellTypes\GridCellNumeric.h">
      <Filter>UI\GridCtrl\NewCellTypes</Filter>
    </ClInclude>
    <ClInclude Include="UI\GridCtrl_src\NewCellTypes\GridURLCell.h">
      <Filter>UI\GridCtrl\NewCellTypes</Filter>
    </ClInclude>
    <ClInclude Include="UI\AirconditionerDlg.h">
      <Filter>UI</Filter>
    </ClInclude>
    <ClInclude Include="UI\DoorDlg.h">
      <Filter>UI</Filter>
    </ClInclude>
    <ClInclude Include="UI\FacadeDlg.h">
      <Filter>UI</Filter>
    </ClInclude>
    <ClInclude Include="UI\FillingDlg.h">
      <Filter>UI</Filter>
    </ClInclude>
    <ClInclude Include="UI\MoldingsDlg.h">
      <Filter>UI</Filter>
    </ClInclude>
    <ClInclude Include="UI\WaterproofDlg.h">
      <Filter>UI</Filter>
    </ClInclude>
    <ClInclude Include="UI\GridCtrlEx.h">
      <Filter>UI</Filter>
    </ClInclude>
    <ClInclude Include="UI\GridCtrlWithPreview.h">
      <Filter>UI</Filter>
    </ClInclude>
    <ClInclude Include="Object\RCBlock.h">
      <Filter>Object</Filter>
    </ClInclude>
    <ClInclude Include="Object\RCObject.h">
      <Filter>Object</Filter>
    </ClInclude>
    <ClInclude Include="Object\RCStandBlock.h">
      <Filter>Object</Filter>
    </ClInclude>
    <ClInclude Include="Tool\Excel\CApplication.h">
      <Filter>Tool\Excel</Filter>
    </ClInclude>
    <ClInclude Include="Tool\Excel\CBorder.h">
      <Filter>Tool\Excel</Filter>
    </ClInclude>
    <ClInclude Include="Tool\Excel\CBorders.h">
      <Filter>Tool\Excel</Filter>
    </ClInclude>
    <ClInclude Include="Tool\Excel\CExcel.h">
      <Filter>Tool\Excel</Filter>
    </ClInclude>
    <ClInclude Include="Tool\Excel\CFont0.h">
      <Filter>Tool\Excel</Filter>
    </ClInclude>
    <ClInclude Include="Tool\Excel\Cnterior.h">
      <Filter>Tool\Excel</Filter>
    </ClInclude>
    <ClInclude Include="Tool\Excel\CRange.h">
      <Filter>Tool\Excel</Filter>
    </ClInclude>
    <ClInclude Include="Tool\Excel\CRanges.h">
      <Filter>Tool\Excel</Filter>
    </ClInclude>
    <ClInclude Include="Tool\Excel\CWorkbook.h">
      <Filter>Tool\Excel</Filter>
    </ClInclude>
    <ClInclude Include="Tool\Excel\CWorkbooks.h">
      <Filter>Tool\Excel</Filter>
    </ClInclude>
    <ClInclude Include="Tool\Excel\CWorksheet.h">
      <Filter>Tool\Excel</Filter>
    </ClInclude>
    <ClInclude Include="Tool\Excel\CWorksheets.h">
      <Filter>Tool\Excel</Filter>
    </ClInclude>
    <ClInclude Include="Tool\Excel\Excel.h">
      <Filter>Tool\Excel</Filter>
    </ClInclude>
    <ClInclude Include="Common\AcessDatabase.h">
      <Filter>Common</Filter>
    </ClInclude>
    <ClInclude Include="Common\ComFun_ACad.h">
      <Filter>Common</Filter>
    </ClInclude>
    <ClInclude Include="Common\ComFun_ACAD_Common.h">
      <Filter>Common</Filter>
    </ClInclude>
    <ClInclude Include="Common\ComFun_ACAD_Geometry.h">
      <Filter>Common</Filter>
    </ClInclude>
    <ClInclude Include="Common\ComFun_Convert.h">
      <Filter>Common</Filter>
    </ClInclude>
    <ClInclude Include="Common\ComFun_Def.h">
      <Filter>Common</Filter>
    </ClInclude>
    <ClInclude Include="Common\ComFun_Interactive.h">
      <Filter>Common</Filter>
    </ClInclude>
    <ClInclude Include="Common\ComFun_Layer.h">
      <Filter>Common</Filter>
    </ClInclude>
    <ClInclude Include="Common\ComFun_Math.h">
      <Filter>Common</Filter>
    </ClInclude>
    <ClInclude Include="Common\ComFun_Str.h">
      <Filter>Common</Filter>
    </ClInclude>
    <ClInclude Include="Common\ComFun_String.h">
      <Filter>Common</Filter>
    </ClInclude>
    <ClInclude Include="Common\TYRect.h">
      <Filter>Common</Filter>
    </ClInclude>
    <ClInclude Include="Common\ComFun_Sunac.h">
      <Filter>Common</Filter>
    </ClInclude>
    <ClInclude Include="Object\RCDynamicBlock.h">
      <Filter>Object</Filter>
    </ClInclude>
    <ClInclude Include="Object\RCWindow.h">
      <Filter>Object</Filter>
    </ClInclude>
    <ClInclude Include="Object\RCDoor.h">
      <Filter>Object</Filter>
    </ClInclude>
    <ClInclude Include="Object\RCKitchen.h">
      <Filter>Object</Filter>
    </ClInclude>
    <ClInclude Include="Object\RCToilet.h">
      <Filter>Object</Filter>
    </ClInclude>
    <ClInclude Include="Object\RCAirCondition.h">
      <Filter>Object</Filter>
    </ClInclude>
    <ClInclude Include="Object\RCWaterProof.h">
      <Filter>Object</Filter>
    </ClInclude>
    <ClInclude Include="Object\RCStdFacade.h">
      <Filter>Object</Filter>
    </ClInclude>
    <ClInclude Include="Object\RCStdFill.h">
      <Filter>Object</Filter>
    </ClInclude>
    <ClInclude Include="Object\RCXianJiao.h">
      <Filter>Object</Filter>
    </ClInclude>
    <ClInclude Include="Common\ComFun_DynamicBlock.h">
      <Filter>Common</Filter>
    </ClInclude>
    <ClInclude Include="Object\RCRailing.h">
      <Filter>Object</Filter>
    </ClInclude>
    <ClInclude Include="UI\MyPalette.h">
      <Filter>UI</Filter>
    </ClInclude>
    <ClInclude Include="UI\MyPaletteSet.h">
      <Filter>UI</Filter>
    </ClInclude>
    <ClInclude Include="UI\DlgLeftBar.h">
      <Filter>UI</Filter>
    </ClInclude>
    <ClInclude Include="UI\DlgLogin.h">
      <Filter>UI</Filter>
    </ClInclude>
    <ClInclude Include="Object\AttrAirCon.h">
      <Filter>Object</Filter>
    </ClInclude>
    <ClInclude Include="Object\AttrDoor.h">
      <Filter>Object</Filter>
    </ClInclude>
    <ClInclude Include="Object\AttrKitchen.h">
      <Filter>Object</Filter>
    </ClInclude>
    <ClInclude Include="Object\AttrRailing.h">
      <Filter>Object</Filter>
    </ClInclude>
    <ClInclude Include="Object\AttrToilet.h">
      <Filter>Object</Filter>
    </ClInclude>
    <ClInclude Include="Object\AttrWindow.h">
      <Filter>Object</Filter>
    </ClInclude>
    <ClInclude Include="Object\AttrObject.h">
      <Filter>Object</Filter>
    </ClInclude>
    <ClInclude Include="Command\Command.h">
      <Filter>Command</Filter>
    </ClInclude>
    <ClInclude Include="Command\CommandWindowDoorTable.h">
      <Filter>Command</Filter>
    </ClInclude>
    <ClInclude Include="Sunac_def.h">
      <Filter>Source</Filter>
    </ClInclude>
    <ClInclude Include="GlobalSetting.h">
      <Filter>Source</Filter>
    </ClInclude>
    <ClInclude Include="WebIO.h">
      <Filter>Source</Filter>
    </ClInclude>
    <ClInclude Include="Tool\Regedit.h">
      <Filter>Tool</Filter>
    </ClInclude>
  </ItemGroup>
  <ItemGroup>
    <Filter Include="Source">
      <UniqueIdentifier>{efe70b79-2d79-4a9b-a5a8-790775b65eab}</UniqueIdentifier>
    </Filter>
    <Filter Include="UI">
      <UniqueIdentifier>{e183cb25-5c73-48fd-b49e-7315c7333170}</UniqueIdentifier>
    </Filter>
    <Filter Include="UI\Menu">
      <UniqueIdentifier>{d75291fd-bef4-4ad0-a200-c99f7e841cc3}</UniqueIdentifier>
    </Filter>
    <Filter Include="Common">
      <UniqueIdentifier>{5096803b-0346-4b6b-86c8-6aa77e6e463c}</UniqueIdentifier>
    </Filter>
    <Filter Include="UI\GridCtrl">
      <UniqueIdentifier>{916e2724-ca36-471d-afff-083e0b932025}</UniqueIdentifier>
    </Filter>
    <Filter Include="UI\GridCtrl\NewCellTypes">
      <UniqueIdentifier>{83e4724a-0bab-4242-95e2-3f49ac48765e}</UniqueIdentifier>
    </Filter>
    <Filter Include="Object">
      <UniqueIdentifier>{a7392403-256d-4676-86f3-d6742dadb573}</UniqueIdentifier>
    </Filter>
    <Filter Include="Tool">
      <UniqueIdentifier>{8c8599a7-0dbd-4592-8f3b-3e64a4a1168f}</UniqueIdentifier>
    </Filter>
    <Filter Include="Tool\Excel">
      <UniqueIdentifier>{454bc2d0-be15-4f72-ae3d-203eae19c3f8}</UniqueIdentifier>
    </Filter>
    <Filter Include="bmp">
      <UniqueIdentifier>{f6892d25-12ee-476a-975e-aa77be1ed2fc}</UniqueIdentifier>
    </Filter>
    <Filter Include="Command">
      <UniqueIdentifier>{1820d1ff-4187-4dca-8f46-376bd45f8b92}</UniqueIdentifier>
    </Filter>
  </ItemGroup>
  <ItemGroup>
    <ResourceCompile Include="res\SunacCoordination.rc">
      <Filter>Source</Filter>
    </ResourceCompile>
  </ItemGroup>
  <ItemGroup>
    <None Include="Cancel.bmp">
      <Filter>bmp</Filter>
    </None>
    <None Include="windowdir.bmp">
      <Filter>bmp</Filter>
    </None>
    <None Include="res\Cancel.bmp">
      <Filter>bmp</Filter>
    </None>
    <None Include="res\doordir.bmp">
      <Filter>bmp</Filter>
    </None>
    <None Include="doordir.bmp">
      <Filter>bmp</Filter>
    </None>
    <None Include="..\..\..\..\Doc\软件图标\Insert.bmp">
      <Filter>bmp</Filter>
    </None>
    <None Include="res\Insert.bmp">
      <Filter>bmp</Filter>
    </None>
    <None Include="res\kitchenrange.bmp">
      <Filter>bmp</Filter>
    </None>
    <None Include="kitchenrange.bmp">
      <Filter>bmp</Filter>
    </None>
    <None Include="res\lib.bmp">
      <Filter>bmp</Filter>
    </None>
    <None Include="lib.bmp">
      <Filter>bmp</Filter>
    </None>
    <None Include="mainicon.bmp">
      <Filter>bmp</Filter>
    </None>
    <None Include="res\mainicon.bmp">
      <Filter>bmp</Filter>
    </None>
    <None Include="res\search.bmp">
      <Filter>bmp</Filter>
    </None>
    <None Include="search.bmp">
      <Filter>bmp</Filter>
    </None>
    <None Include="selOne.bmp">
      <Filter>bmp</Filter>
    </None>
    <None Include="res\selOne.bmp">
      <Filter>bmp</Filter>
    </None>
    <None Include="res\windowdir.bmp">
      <Filter>bmp</Filter>
    </None>
  </ItemGroup>
</Project>