<?xml version="1.0" encoding="utf-8"?>
<Project ToolsVersion="4.0" xmlns="http://schemas.microsoft.com/developer/msbuild/2003">
  <ItemGroup>
    <ClCompile Include="AsdkAcUiSample.cpp" />
    <ClCompile Include="StdAfx.cpp" />
    <ClCompile Include="ComFun\ComFun_Daqo.cpp">
      <Filter>Common</Filter>
    </ClCompile>
    <ClCompile Include="ComFun\ComFun_Str.cpp">
      <Filter>Common</Filter>
    </ClCompile>
  </ItemGroup>
  <ItemGroup>
    <ClInclude Include="AsdkAcUiSample.h" />
    <ClInclude Include="Resource.h" />
    <ClInclude Include="StdAfx.h" />
    <ClInclude Include="ComFun\ComFun_Daqo.h">
      <Filter>Common</Filter>
    </ClInclude>
    <ClInclude Include="ComFun\ComFun_Str.h">
      <Filter>Common</Filter>
    </ClInclude>
  </ItemGroup>
  <ItemGroup>
    <ResourceCompile Include="AsdkAcUiSample.rc" />
  </ItemGroup>
  <ItemGroup>
    <None Include="res\AsdkAcUiSample.rc2" />
    <None Include="ReadMe.txt" />
  </ItemGroup>
  <ItemGroup>
    <Filter Include="Common">
      <UniqueIdentifier>{4a539907-4411-45fb-aca0-cc2dabb44a84}</UniqueIdentifier>
    </Filter>
  </ItemGroup>
</Project>